
Microsoft Visual Studio Solution File, Format Version 12.00
# Visual Studio Express 2013 for Web
VisualStudioVersion = 12.0.21005.1
MinimumVisualStudioVersion = 10.0.40219.1
Project("{FAE04EC0-301F-11D3-BF4B-00C04F79EFBC}") = "angulardemo", "angulardemo\angulardemo.csproj", "{63999AB6-7CE8-44DA-9734-0635671D00DB}"
EndProject
Project("{FAE04EC0-301F-11D3-BF4B-00C04F79EFBC}") = "angulardemo.Tests", "angulardemo.Tests\angulardemo.Tests.csproj", "{9057C286-EFBA-45B9-B82C-EE901D9ACBC9}"
EndProject
Project("{FAE04EC0-301F-11D3-BF4B-00C04F79EFBC}") = "angulardemo.domain", "angulardemo.domain\angulardemo.domain.csproj", "{D9FBFBA3-F5AB-4252-A338-FC3C07A65065}"
EndProject
Global
	GlobalSection(SolutionConfigurationPlatforms) = preSolution
		Debug|Any CPU = Debug|Any CPU
		Release|Any CPU = Release|Any CPU
	EndGlobalSection
	GlobalSection(ProjectConfigurationPlatforms) = postSolution
		{63999AB6-7CE8-44DA-9734-0635671D00DB}.Debug|Any CPU.ActiveCfg = Debug|Any CPU
		{63999AB6-7CE8-44DA-9734-0635671D00DB}.Debug|Any CPU.Build.0 = Debug|Any CPU
		{63999AB6-7CE8-44DA-9734-0635671D00DB}.Release|Any CPU.ActiveCfg = Release|Any CPU
		{63999AB6-7CE8-44DA-9734-0635671D00DB}.Release|Any CPU.Build.0 = Release|Any CPU
		{9057C286-EFBA-45B9-B82C-EE901D9ACBC9}.Debug|Any CPU.ActiveCfg = Debug|Any CPU
		{9057C286-EFBA-45B9-B82C-EE901D9ACBC9}.Debug|Any CPU.Build.0 = Debug|Any CPU
		{9057C286-EFBA-45B9-B82C-EE901D9ACBC9}.Release|Any CPU.ActiveCfg = Release|Any CPU
		{9057C286-EFBA-45B9-B82C-EE901D9ACBC9}.Release|Any CPU.Build.0 = Release|Any CPU
		{D9FBFBA3-F5AB-4252-A338-FC3C07A65065}.Debug|Any CPU.ActiveCfg = Debug|Any CPU
		{D9FBFBA3-F5AB-4252-A338-FC3C07A65065}.Debug|Any CPU.Build.0 = Debug|Any CPU
		{D9FBFBA3-F5AB-4252-A338-FC3C07A65065}.Release|Any CPU.ActiveCfg = Release|Any CPU
		{D9FBFBA3-F5AB-4252-A338-FC3C07A65065}.Release|Any CPU.Build.0 = Release|Any CPU
	EndGlobalSection
	GlobalSection(SolutionProperties) = preSolution
		HideSolutionNode = FALSE
	EndGlobalSection
EndGlobal
